
Microsoft Visual Studio Solution File, Format Version 12.00
# Visual Studio Version 16
VisualStudioVersion = 16.0.31624.102
MinimumVisualStudioVersion = 10.0.40219.1
Project("{FAE04EC0-301F-11D3-BF4B-00C04F79EFBC}") = "MvcPlanes", "MvcPlanes\MvcPlanes.csproj", "{9ADF5590-533D-4C18-AAEE-E7E047884EC3}"
EndProject
Global
	GlobalSection(SolutionConfigurationPlatforms) = preSolution
		Debug|Any CPU = Debug|Any CPU
		Release|Any CPU = Release|Any CPU
	EndGlobalSection
	GlobalSection(ProjectConfigurationPlatforms) = postSolution
		{9ADF5590-533D-4C18-AAEE-E7E047884EC3}.Debug|Any CPU.ActiveCfg = Debug|Any CPU
		{9ADF5590-533D-4C18-AAEE-E7E047884EC3}.Debug|Any CPU.Build.0 = Debug|Any CPU
		{9ADF5590-533D-4C18-AAEE-E7E047884EC3}.Release|Any CPU.ActiveCfg = Release|Any CPU
		{9ADF5590-533D-4C18-AAEE-E7E047884EC3}.Release|Any CPU.Build.0 = Release|Any CPU
	EndGlobalSection
	GlobalSection(SolutionProperties) = preSolution
		HideSolutionNode = FALSE
	EndGlobalSection
	GlobalSection(ExtensibilityGlobals) = postSolution
		SolutionGuid = {6FF56E70-40D2-45C4-A8EE-89F40A9115A6}
	EndGlobalSection
EndGlobal
